
Microsoft Visual Studio Solution File, Format Version 12.00
# Visual Studio Version 16
VisualStudioVersion = 16.0.29324.140
MinimumVisualStudioVersion = 10.0.40219.1
Project("{9A19103F-16F7-4668-BE54-9A1E7A4F7556}") = "WePrint", "WePrint\WePrint.csproj", "{93A0AC6C-2384-45EF-921F-2BB8D087732A}"
EndProject
Global
	GlobalSection(SolutionConfigurationPlatforms) = preSolution
		Debug|Any CPU = Debug|Any CPU
		Development|Any CPU = Development|Any CPU
		Production|Any CPU = Production|Any CPU
		Release|Any CPU = Release|Any CPU
		Testing|Any CPU = Testing|Any CPU
	EndGlobalSection
	GlobalSection(ProjectConfigurationPlatforms) = postSolution
		{93A0AC6C-2384-45EF-921F-2BB8D087732A}.Debug|Any CPU.ActiveCfg = Debug|Any CPU
		{93A0AC6C-2384-45EF-921F-2BB8D087732A}.Debug|Any CPU.Build.0 = Debug|Any CPU
		{93A0AC6C-2384-45EF-921F-2BB8D087732A}.Development|Any CPU.ActiveCfg = Debug|Any CPU
		{93A0AC6C-2384-45EF-921F-2BB8D087732A}.Development|Any CPU.Build.0 = Debug|Any CPU
		{93A0AC6C-2384-45EF-921F-2BB8D087732A}.Production|Any CPU.ActiveCfg = Debug|Any CPU
		{93A0AC6C-2384-45EF-921F-2BB8D087732A}.Production|Any CPU.Build.0 = Debug|Any CPU
		{93A0AC6C-2384-45EF-921F-2BB8D087732A}.Release|Any CPU.ActiveCfg = Release|Any CPU
		{93A0AC6C-2384-45EF-921F-2BB8D087732A}.Release|Any CPU.Build.0 = Release|Any CPU
		{93A0AC6C-2384-45EF-921F-2BB8D087732A}.Testing|Any CPU.ActiveCfg = Debug|Any CPU
		{93A0AC6C-2384-45EF-921F-2BB8D087732A}.Testing|Any CPU.Build.0 = Debug|Any CPU
	EndGlobalSection
	GlobalSection(SolutionProperties) = preSolution
		HideSolutionNode = FALSE
	EndGlobalSection
	GlobalSection(ExtensibilityGlobals) = postSolution
		SolutionGuid = {EE8E54BA-B39E-42C0-BAC8-F9F48A26DA1F}
	EndGlobalSection
EndGlobal
