
Microsoft Visual Studio Solution File, Format Version 12.00
# Visual Studio Version 16
VisualStudioVersion = 16.0.29324.140
MinimumVisualStudioVersion = 10.0.40219.1
Project("{9A19103F-16F7-4668-BE54-9A1E7A4F7556}") = "WePrint", "WePrint\WePrint.csproj", "{FFC97155-AA72-45B5-91BA-2C0BF40FC62A}"
EndProject
Project("{E53339B2-1760-4266-BCC7-CA923CBCF16C}") = "docker-compose", "..\docker\docker-compose.dcproj", "{C47A9E9A-60C6-4989-B8AC-0314B97CC33A}"
EndProject
Project("{FAE04EC0-301F-11D3-BF4B-00C04F79EFBC}") = "WePrint.Common", "WePrint.Common\WePrint.Common.csproj", "{A0610C05-F6B5-4564-A815-43DCE85BD3B7}"
EndProject
Global
	GlobalSection(SolutionConfigurationPlatforms) = preSolution
		Debug|Any CPU = Debug|Any CPU
		Development|Any CPU = Development|Any CPU
		Production|Any CPU = Production|Any CPU
		Release|Any CPU = Release|Any CPU
		Testing|Any CPU = Testing|Any CPU
	EndGlobalSection
	GlobalSection(ProjectConfigurationPlatforms) = postSolution
		{FFC97155-AA72-45B5-91BA-2C0BF40FC62A}.Debug|Any CPU.ActiveCfg = Debug|Any CPU
		{FFC97155-AA72-45B5-91BA-2C0BF40FC62A}.Debug|Any CPU.Build.0 = Debug|Any CPU
		{FFC97155-AA72-45B5-91BA-2C0BF40FC62A}.Development|Any CPU.ActiveCfg = Debug|Any CPU
		{FFC97155-AA72-45B5-91BA-2C0BF40FC62A}.Development|Any CPU.Build.0 = Debug|Any CPU
		{FFC97155-AA72-45B5-91BA-2C0BF40FC62A}.Production|Any CPU.ActiveCfg = Release|Any CPU
		{FFC97155-AA72-45B5-91BA-2C0BF40FC62A}.Production|Any CPU.Build.0 = Release|Any CPU
		{FFC97155-AA72-45B5-91BA-2C0BF40FC62A}.Release|Any CPU.ActiveCfg = Release|Any CPU
		{FFC97155-AA72-45B5-91BA-2C0BF40FC62A}.Release|Any CPU.Build.0 = Release|Any CPU
		{FFC97155-AA72-45B5-91BA-2C0BF40FC62A}.Testing|Any CPU.ActiveCfg = Debug|Any CPU
		{FFC97155-AA72-45B5-91BA-2C0BF40FC62A}.Testing|Any CPU.Build.0 = Debug|Any CPU
		{C47A9E9A-60C6-4989-B8AC-0314B97CC33A}.Debug|Any CPU.ActiveCfg = Debug|Any CPU
		{C47A9E9A-60C6-4989-B8AC-0314B97CC33A}.Debug|Any CPU.Build.0 = Debug|Any CPU
		{C47A9E9A-60C6-4989-B8AC-0314B97CC33A}.Development|Any CPU.ActiveCfg = Debug|Any CPU
		{C47A9E9A-60C6-4989-B8AC-0314B97CC33A}.Development|Any CPU.Build.0 = Debug|Any CPU
		{C47A9E9A-60C6-4989-B8AC-0314B97CC33A}.Production|Any CPU.ActiveCfg = Release|Any CPU
		{C47A9E9A-60C6-4989-B8AC-0314B97CC33A}.Production|Any CPU.Build.0 = Release|Any CPU
		{C47A9E9A-60C6-4989-B8AC-0314B97CC33A}.Release|Any CPU.ActiveCfg = Release|Any CPU
		{C47A9E9A-60C6-4989-B8AC-0314B97CC33A}.Release|Any CPU.Build.0 = Release|Any CPU
		{C47A9E9A-60C6-4989-B8AC-0314B97CC33A}.Testing|Any CPU.ActiveCfg = Debug|Any CPU
		{C47A9E9A-60C6-4989-B8AC-0314B97CC33A}.Testing|Any CPU.Build.0 = Debug|Any CPU
		{A0610C05-F6B5-4564-A815-43DCE85BD3B7}.Debug|Any CPU.ActiveCfg = Debug|Any CPU
		{A0610C05-F6B5-4564-A815-43DCE85BD3B7}.Debug|Any CPU.Build.0 = Debug|Any CPU
		{A0610C05-F6B5-4564-A815-43DCE85BD3B7}.Development|Any CPU.ActiveCfg = Debug|Any CPU
		{A0610C05-F6B5-4564-A815-43DCE85BD3B7}.Development|Any CPU.Build.0 = Debug|Any CPU
		{A0610C05-F6B5-4564-A815-43DCE85BD3B7}.Production|Any CPU.ActiveCfg = Debug|Any CPU
		{A0610C05-F6B5-4564-A815-43DCE85BD3B7}.Production|Any CPU.Build.0 = Debug|Any CPU
		{A0610C05-F6B5-4564-A815-43DCE85BD3B7}.Release|Any CPU.ActiveCfg = Release|Any CPU
		{A0610C05-F6B5-4564-A815-43DCE85BD3B7}.Release|Any CPU.Build.0 = Release|Any CPU
		{A0610C05-F6B5-4564-A815-43DCE85BD3B7}.Testing|Any CPU.ActiveCfg = Debug|Any CPU
		{A0610C05-F6B5-4564-A815-43DCE85BD3B7}.Testing|Any CPU.Build.0 = Debug|Any CPU
	EndGlobalSection
	GlobalSection(SolutionProperties) = preSolution
		HideSolutionNode = FALSE
	EndGlobalSection
	GlobalSection(ExtensibilityGlobals) = postSolution
		SolutionGuid = {EE8E54BA-B39E-42C0-BAC8-F9F48A26DA1F}
	EndGlobalSection
EndGlobal
